
Microsoft Visual Studio Solution File, Format Version 12.00
# Visual Studio 15
Project("{FAE04EC0-301F-11D3-BF4B-00C04F79EFBC}") = "Assembly-CSharp", "Assembly-CSharp.csproj", "{F66C1DFE-7A3E-E9D0-481C-4952CEAA0158}"
EndProject
Global
	GlobalSection(SolutionConfigurationPlatforms) = preSolution
		Debug|Any CPU = Debug|Any CPU
		Release|Any CPU = Release|Any CPU
	EndGlobalSection
	GlobalSection(ProjectConfigurationPlatforms) = postSolution
		{F66C1DFE-7A3E-E9D0-481C-4952CEAA0158}.Debug|Any CPU.ActiveCfg = Debug|Any CPU
		{F66C1DFE-7A3E-E9D0-481C-4952CEAA0158}.Debug|Any CPU.Build.0 = Debug|Any CPU
		{F66C1DFE-7A3E-E9D0-481C-4952CEAA0158}.Release|Any CPU.ActiveCfg = Release|Any CPU
		{F66C1DFE-7A3E-E9D0-481C-4952CEAA0158}.Release|Any CPU.Build.0 = Release|Any CPU
	EndGlobalSection
	GlobalSection(SolutionProperties) = preSolution
		HideSolutionNode = FALSE
	EndGlobalSection
EndGlobal
